// !$*UTF8*$!
{
	archiveVersion = 1;
	classes = {
	};
	objectVersion = 56;
	objects = {

/* Begin PBXBuildFile section */
		84DB93262C4FF5C80055BBC6 /* AppDelegate.swift in Sources */ = {isa = PBXBuildFile; fileRef = 84DB93252C4FF5C80055BBC6 /* AppDelegate.swift */; };
		84DB93282C4FF5C80055BBC6 /* SceneDelegate.swift in Sources */ = {isa = PBXBuildFile; fileRef = 84DB93272C4FF5C80055BBC6 /* SceneDelegate.swift */; };
		84DB932A2C4FF5C80055BBC6 /* ViewController.swift in Sources */ = {isa = PBXBuildFile; fileRef = 84DB93292C4FF5C80055BBC6 /* ViewController.swift */; };
		84DB932D2C4FF5C80055BBC6 /* Base in Resources */ = {isa = PBXBuildFile; fileRef = 84DB932C2C4FF5C80055BBC6 /* Base */; };
		84DB932F2C4FF5C90055BBC6 /* Assets.xcassets in Resources */ = {isa = PBXBuildFile; fileRef = 84DB932E2C4FF5C90055BBC6 /* Assets.xcassets */; };
		84DB93322C4FF5C90055BBC6 /* Base in Resources */ = {isa = PBXBuildFile; fileRef = 84DB93312C4FF5C90055BBC6 /* Base */; };
		84DB933D2C4FF5CA0055BBC6 /* tableViewTests.swift in Sources */ = {isa = PBXBuildFile; fileRef = 84DB933C2C4FF5CA0055BBC6 /* tableViewTests.swift */; };
		84DB93472C4FF5CA0055BBC6 /* tableViewUITests.swift in Sources */ = {isa = PBXBuildFile; fileRef = 84DB93462C4FF5CA0055BBC6 /* tableViewUITests.swift */; };
		84DB93492C4FF5CA0055BBC6 /* tableViewUITestsLaunchTests.swift in Sources */ = {isa = PBXBuildFile; fileRef = 84DB93482C4FF5CA0055BBC6 /* tableViewUITestsLaunchTests.swift */; };
		84DB93562C4FFBF60055BBC6 /* AcademyModel.swift in Sources */ = {isa = PBXBuildFile; fileRef = 84DB93552C4FFBF60055BBC6 /* AcademyModel.swift */; };
		84DB93592C4FFF2E0055BBC6 /* AcademyTableViewCell.xib in Resources */ = {isa = PBXBuildFile; fileRef = 84DB93582C4FFF2E0055BBC6 /* AcademyTableViewCell.xib */; };
		84DB935A2C4FFF2E0055BBC6 /* AcademyTableViewCell.swift in Sources */ = {isa = PBXBuildFile; fileRef = 84DB93572C4FFF2E0055BBC6 /* AcademyTableViewCell.swift */; };
/* End PBXBuildFile section */

/* Begin PBXContainerItemProxy section */
		84DB93392C4FF5CA0055BBC6 /* PBXContainerItemProxy */ = {
			isa = PBXContainerItemProxy;
			containerPortal = 84DB931A2C4FF5C80055BBC6 /* Project object */;
			proxyType = 1;
			remoteGlobalIDString = 84DB93212C4FF5C80055BBC6;
			remoteInfo = tableView;
		};
		84DB93432C4FF5CA0055BBC6 /* PBXContainerItemProxy */ = {
			isa = PBXContainerItemProxy;
			containerPortal = 84DB931A2C4FF5C80055BBC6 /* Project object */;
			proxyType = 1;
			remoteGlobalIDString = 84DB93212C4FF5C80055BBC6;
			remoteInfo = tableView;
		};
/* End PBXContainerItemProxy section */

/* Begin PBXFileReference section */
		84DB93222C4FF5C80055BBC6 /* tableView.app */ = {isa = PBXFileReference; explicitFileType = wrapper.application; includeInIndex = 0; path = tableView.app; sourceTree = BUILT_PRODUCTS_DIR; };
		84DB93252C4FF5C80055BBC6 /* AppDelegate.swift */ = {isa = PBXFileReference; lastKnownFileType = sourcecode.swift; path = AppDelegate.swift; sourceTree = "<group>"; };
		84DB93272C4FF5C80055BBC6 /* SceneDelegate.swift */ = {isa = PBXFileReference; lastKnownFileType = sourcecode.swift; path = SceneDelegate.swift; sourceTree = "<group>"; };
		84DB93292C4FF5C80055BBC6 /* ViewController.swift */ = {isa = PBXFileReference; lastKnownFileType = sourcecode.swift; path = ViewController.swift; sourceTree = "<group>"; };
		84DB932C2C4FF5C80055BBC6 /* Base */ = {isa = PBXFileReference; lastKnownFileType = file.storyboard; name = Base; path = Base.lproj/Main.storyboard; sourceTree = "<group>"; };
		84DB932E2C4FF5C90055BBC6 /* Assets.xcassets */ = {isa = PBXFileReference; lastKnownFileType = folder.assetcatalog; path = Assets.xcassets; sourceTree = "<group>"; };
		84DB93312C4FF5C90055BBC6 /* Base */ = {isa = PBXFileReference; lastKnownFileType = file.storyboard; name = Base; path = Base.lproj/LaunchScreen.storyboard; sourceTree = "<group>"; };
		84DB93332C4FF5C90055BBC6 /* Info.plist */ = {isa = PBXFileReference; lastKnownFileType = text.plist.xml; path = Info.plist; sourceTree = "<group>"; };
		84DB93382C4FF5CA0055BBC6 /* tableViewTests.xctest */ = {isa = PBXFileReference; explicitFileType = wrapper.cfbundle; includeInIndex = 0; path = tableViewTests.xctest; sourceTree = BUILT_PRODUCTS_DIR; };
		84DB933C2C4FF5CA0055BBC6 /* tableViewTests.swift */ = {isa = PBXFileReference; lastKnownFileType = sourcecode.swift; path = tableViewTests.swift; sourceTree = "<group>"; };
		84DB93422C4FF5CA0055BBC6 /* tableViewUITests.xctest */ = {isa = PBXFileReference; explicitFileType = wrapper.cfbundle; includeInIndex = 0; path = tableViewUITests.xctest; sourceTree = BUILT_PRODUCTS_DIR; };
		84DB93462C4FF5CA0055BBC6 /* tableViewUITests.swift */ = {isa = PBXFileReference; lastKnownFileType = sourcecode.swift; path = tableViewUITests.swift; sourceTree = "<group>"; };
		84DB93482C4FF5CA0055BBC6 /* tableViewUITestsLaunchTests.swift */ = {isa = PBXFileReference; lastKnownFileType = sourcecode.swift; path = tableViewUITestsLaunchTests.swift; sourceTree = "<group>"; };
		84DB93552C4FFBF60055BBC6 /* AcademyModel.swift */ = {isa = PBXFileReference; lastKnownFileType = sourcecode.swift; path = AcademyModel.swift; sourceTree = "<group>"; };
		84DB93572C4FFF2E0055BBC6 /* AcademyTableViewCell.swift */ = {isa = PBXFileReference; lastKnownFileType = sourcecode.swift; path = AcademyTableViewCell.swift; sourceTree = "<group>"; };
		84DB93582C4FFF2E0055BBC6 /* AcademyTableViewCell.xib */ = {isa = PBXFileReference; lastKnownFileType = file.xib; path = AcademyTableViewCell.xib; sourceTree = "<group>"; };
/* End PBXFileReference section */

/* Begin PBXFrameworksBuildPhase section */
		84DB931F2C4FF5C80055BBC6 /* Frameworks */ = {
			isa = PBXFrameworksBuildPhase;
			buildActionMask = 2147483647;
			files = (
			);
			runOnlyForDeploymentPostprocessing = 0;
		};
		84DB93352C4FF5CA0055BBC6 /* Frameworks */ = {
			isa = PBXFrameworksBuildPhase;
			buildActionMask = 2147483647;
			files = (
			);
			runOnlyForDeploymentPostprocessing = 0;
		};
		84DB933F2C4FF5CA0055BBC6 /* Frameworks */ = {
			isa = PBXFrameworksBuildPhase;
			buildActionMask = 2147483647;
			files = (
			);
			runOnlyForDeploymentPostprocessing = 0;
		};
/* End PBXFrameworksBuildPhase section */

/* Begin PBXGroup section */
		84DB93192C4FF5C80055BBC6 = {
			isa = PBXGroup;
			children = (
				84DB93242C4FF5C80055BBC6 /* tableView */,
				84DB933B2C4FF5CA0055BBC6 /* tableViewTests */,
				84DB93452C4FF5CA0055BBC6 /* tableViewUITests */,
				84DB93232C4FF5C80055BBC6 /* Products */,
			);
			sourceTree = "<group>";
		};
		84DB93232C4FF5C80055BBC6 /* Products */ = {
			isa = PBXGroup;
			children = (
				84DB93222C4FF5C80055BBC6 /* tableView.app */,
				84DB93382C4FF5CA0055BBC6 /* tableViewTests.xctest */,
				84DB93422C4FF5CA0055BBC6 /* tableViewUITests.xctest */,
			);
			name = Products;
			sourceTree = "<group>";
		};
		84DB93242C4FF5C80055BBC6 /* tableView */ = {
			isa = PBXGroup;
			children = (
				84DB93252C4FF5C80055BBC6 /* AppDelegate.swift */,
				84DB93272C4FF5C80055BBC6 /* SceneDelegate.swift */,
				84DB93292C4FF5C80055BBC6 /* ViewController.swift */,
				84DB932B2C4FF5C80055BBC6 /* Main.storyboard */,
				84DB932E2C4FF5C90055BBC6 /* Assets.xcassets */,
				84DB93302C4FF5C90055BBC6 /* LaunchScreen.storyboard */,
				84DB93332C4FF5C90055BBC6 /* Info.plist */,
				84DB93552C4FFBF60055BBC6 /* AcademyModel.swift */,
				84DB93572C4FFF2E0055BBC6 /* AcademyTableViewCell.swift */,
				84DB93582C4FFF2E0055BBC6 /* AcademyTableViewCell.xib */,
			);
			path = tableView;
			sourceTree = "<group>";
		};
		84DB933B2C4FF5CA0055BBC6 /* tableViewTests */ = {
			isa = PBXGroup;
			children = (
				84DB933C2C4FF5CA0055BBC6 /* tableViewTests.swift */,
			);
			path = tableViewTests;
			sourceTree = "<group>";
		};
		84DB93452C4FF5CA0055BBC6 /* tableViewUITests */ = {
			isa = PBXGroup;
			children = (
				84DB93462C4FF5CA0055BBC6 /* tableViewUITests.swift */,
				84DB93482C4FF5CA0055BBC6 /* tableViewUITestsLaunchTests.swift */,
			);
			path = tableViewUITests;
			sourceTree = "<group>";
		};
/* End PBXGroup section */

/* Begin PBXNativeTarget section */
		84DB93212C4FF5C80055BBC6 /* tableView */ = {
			isa = PBXNativeTarget;
			buildConfigurationList = 84DB934C2C4FF5CA0055BBC6 /* Build configuration list for PBXNativeTarget "tableView" */;
			buildPhases = (
				84DB931E2C4FF5C80055BBC6 /* Sources */,
				84DB931F2C4FF5C80055BBC6 /* Frameworks */,
				84DB93202C4FF5C80055BBC6 /* Resources */,
			);
			buildRules = (
			);
			dependencies = (
			);
			name = tableView;
			productName = tableView;
			productReference = 84DB93222C4FF5C80055BBC6 /* tableView.app */;
			productType = "com.apple.product-type.application";
		};
		84DB93372C4FF5CA0055BBC6 /* tableViewTests */ = {
			isa = PBXNativeTarget;
			buildConfigurationList = 84DB934F2C4FF5CA0055BBC6 /* Build configuration list for PBXNativeTarget "tableViewTests" */;
			buildPhases = (
				84DB93342C4FF5CA0055BBC6 /* Sources */,
				84DB93352C4FF5CA0055BBC6 /* Frameworks */,
				84DB93362C4FF5CA0055BBC6 /* Resources */,
			);
			buildRules = (
			);
			dependencies = (
				84DB933A2C4FF5CA0055BBC6 /* PBXTargetDependency */,
			);
			name = tableViewTests;
			productName = tableViewTests;
			productReference = 84DB93382C4FF5CA0055BBC6 /* tableViewTests.xctest */;
			productType = "com.apple.product-type.bundle.unit-test";
		};
		84DB93412C4FF5CA0055BBC6 /* tableViewUITests */ = {
			isa = PBXNativeTarget;
			buildConfigurationList = 84DB93522C4FF5CA0055BBC6 /* Build configuration list for PBXNativeTarget "tableViewUITests" */;
			buildPhases = (
				84DB933E2C4FF5CA0055BBC6 /* Sources */,
				84DB933F2C4FF5CA0055BBC6 /* Frameworks */,
				84DB93402C4FF5CA0055BBC6 /* Resources */,
			);
			buildRules = (
			);
			dependencies = (
				84DB93442C4FF5CA0055BBC6 /* PBXTargetDependency */,
			);
			name = tableViewUITests;
			productName = tableViewUITests;
			productReference = 84DB93422C4FF5CA0055BBC6 /* tableViewUITests.xctest */;
			productType = "com.apple.product-type.bundle.ui-testing";
		};
/* End PBXNativeTarget section */

/* Begin PBXProject section */
		84DB931A2C4FF5C80055BBC6 /* Project object */ = {
			isa = PBXProject;
			attributes = {
				BuildIndependentTargetsInParallel = 1;
				LastSwiftUpdateCheck = 1540;
				LastUpgradeCheck = 1540;
				TargetAttributes = {
					84DB93212C4FF5C80055BBC6 = {
						CreatedOnToolsVersion = 15.4;
					};
					84DB93372C4FF5CA0055BBC6 = {
						CreatedOnToolsVersion = 15.4;
						TestTargetID = 84DB93212C4FF5C80055BBC6;
					};
					84DB93412C4FF5CA0055BBC6 = {
						CreatedOnToolsVersion = 15.4;
						TestTargetID = 84DB93212C4FF5C80055BBC6;
					};
				};
			};
			buildConfigurationList = 84DB931D2C4FF5C80055BBC6 /* Build configuration list for PBXProject "tableView" */;
			compatibilityVersion = "Xcode 14.0";
			developmentRegion = en;
			hasScannedForEncodings = 0;
			knownRegions = (
				en,
				Base,
			);
			mainGroup = 84DB93192C4FF5C80055BBC6;
			productRefGroup = 84DB93232C4FF5C80055BBC6 /* Products */;
			projectDirPath = "";
			projectRoot = "";
			targets = (
				84DB93212C4FF5C80055BBC6 /* tableView */,
				84DB93372C4FF5CA0055BBC6 /* tableViewTests */,
				84DB93412C4FF5CA0055BBC6 /* tableViewUITests */,
			);
		};
/* End PBXProject section */

/* Begin PBXResourcesBuildPhase section */
		84DB93202C4FF5C80055BBC6 /* Resources */ = {
			isa = PBXResourcesBuildPhase;
			buildActionMask = 2147483647;
			files = (
				84DB93592C4FFF2E0055BBC6 /* AcademyTableViewCell.xib in Resources */,
				84DB932F2C4FF5C90055BBC6 /* Assets.xcassets in Resources */,
				84DB93322C4FF5C90055BBC6 /* Base in Resources */,
				84DB932D2C4FF5C80055BBC6 /* Base in Resources */,
			);
			runOnlyForDeploymentPostprocessing = 0;
		};
		84DB93362C4FF5CA0055BBC6 /* Resources */ = {
			isa = PBXResourcesBuildPhase;
			buildActionMask = 2147483647;
			files = (
			);
			runOnlyForDeploymentPostprocessing = 0;
		};
		84DB93402C4FF5CA0055BBC6 /* Resources */ = {
			isa = PBXResourcesBuildPhase;
			buildActionMask = 2147483647;
			files = (
			);
			runOnlyForDeploymentPostprocessing = 0;
		};
/* End PBXResourcesBuildPhase section */

/* Begin PBXSourcesBuildPhase section */
		84DB931E2C4FF5C80055BBC6 /* Sources */ = {
			isa = PBXSourcesBuildPhase;
			buildActionMask = 2147483647;
			files = (
				84DB932A2C4FF5C80055BBC6 /* ViewController.swift in Sources */,
				84DB93262C4FF5C80055BBC6 /* AppDelegate.swift in Sources */,
				84DB93562C4FFBF60055BBC6 /* AcademyModel.swift in Sources */,
				84DB93282C4FF5C80055BBC6 /* SceneDelegate.swift in Sources */,
				84DB935A2C4FFF2E0055BBC6 /* AcademyTableViewCell.swift in Sources */,
			);
			runOnlyForDeploymentPostprocessing = 0;
		};
		84DB93342C4FF5CA0055BBC6 /* Sources */ = {
			isa = PBXSourcesBuildPhase;
			buildActionMask = 2147483647;
			files = (
				84DB933D2C4FF5CA0055BBC6 /* tableViewTests.swift in Sources */,
			);
			runOnlyForDeploymentPostprocessing = 0;
		};
		84DB933E2C4FF5CA0055BBC6 /* Sources */ = {
			isa = PBXSourcesBuildPhase;
			buildActionMask = 2147483647;
			files = (
				84DB93492C4FF5CA0055BBC6 /* tableViewUITestsLaunchTests.swift in Sources */,
				84DB93472C4FF5CA0055BBC6 /* tableViewUITests.swift in Sources */,
			);
			runOnlyForDeploymentPostprocessing = 0;
		};
/* End PBXSourcesBuildPhase section */

/* Begin PBXTargetDependency section */
		84DB933A2C4FF5CA0055BBC6 /* PBXTargetDependency */ = {
			isa = PBXTargetDependency;
			target = 84DB93212C4FF5C80055BBC6 /* tableView */;
			targetProxy = 84DB93392C4FF5CA0055BBC6 /* PBXContainerItemProxy */;
		};
		84DB93442C4FF5CA0055BBC6 /* PBXTargetDependency */ = {
			isa = PBXTargetDependency;
			target = 84DB93212C4FF5C80055BBC6 /* tableView */;
			targetProxy = 84DB93432C4FF5CA0055BBC6 /* PBXContainerItemProxy */;
		};
/* End PBXTargetDependency section */

/* Begin PBXVariantGroup section */
		84DB932B2C4FF5C80055BBC6 /* Main.storyboard */ = {
			isa = PBXVariantGroup;
			children = (
				84DB932C2C4FF5C80055BBC6 /* Base */,
			);
			name = Main.storyboard;
			sourceTree = "<group>";
		};
		84DB93302C4FF5C90055BBC6 /* LaunchScreen.storyboard */ = {
			isa = PBXVariantGroup;
			children = (
				84DB93312C4FF5C90055BBC6 /* Base */,
			);
			name = LaunchScreen.storyboard;
			sourceTree = "<group>";
		};
/* End PBXVariantGroup section */

/* Begin XCBuildConfiguration section */
		84DB934A2C4FF5CA0055BBC6 /* Debug */ = {
			isa = XCBuildConfiguration;
			buildSettings = {
				ALWAYS_SEARCH_USER_PATHS = NO;
				ASSETCATALOG_COMPILER_GENERATE_SWIFT_ASSET_SYMBOL_EXTENSIONS = YES;
				CLANG_ANALYZER_NONNULL = YES;
				CLANG_ANALYZER_NUMBER_OBJECT_CONVERSION = YES_AGGRESSIVE;
				CLANG_CXX_LANGUAGE_STANDARD = "gnu++20";
				CLANG_ENABLE_MODULES = YES;
				CLANG_ENABLE_OBJC_ARC = YES;
				CLANG_ENABLE_OBJC_WEAK = YES;
				CLANG_WARN_BLOCK_CAPTURE_AUTORELEASING = YES;
				CLANG_WARN_BOOL_CONVERSION = YES;
				CLANG_WARN_COMMA = YES;
				CLANG_WARN_CONSTANT_CONVERSION = YES;
				CLANG_WARN_DEPRECATED_OBJC_IMPLEMENTATIONS = YES;
				CLANG_WARN_DIRECT_OBJC_ISA_USAGE = YES_ERROR;
				CLANG_WARN_DOCUMENTATION_COMMENTS = YES;
				CLANG_WARN_EMPTY_BODY = YES;
				CLANG_WARN_ENUM_CONVERSION = YES;
				CLANG_WARN_INFINITE_RECURSION = YES;
				CLANG_WARN_INT_CONVERSION = YES;
				CLANG_WARN_NON_LITERAL_NULL_CONVERSION = YES;
				CLANG_WARN_OBJC_IMPLICIT_RETAIN_SELF = YES;
				CLANG_WARN_OBJC_LITERAL_CONVERSION = YES;
				CLANG_WARN_OBJC_ROOT_CLASS = YES_ERROR;
				CLANG_WARN_QUOTED_INCLUDE_IN_FRAMEWORK_HEADER = YES;
				CLANG_WARN_RANGE_LOOP_ANALYSIS = YES;
				CLANG_WARN_STRICT_PROTOTYPES = YES;
				CLANG_WARN_SUSPICIOUS_MOVE = YES;
				CLANG_WARN_UNGUARDED_AVAILABILITY = YES_AGGRESSIVE;
				CLANG_WARN_UNREACHABLE_CODE = YES;
				CLANG_WARN__DUPLICATE_METHOD_MATCH = YES;
				COPY_PHASE_STRIP = NO;
				DEBUG_INFORMATION_FORMAT = dwarf;
				ENABLE_STRICT_OBJC_MSGSEND = YES;
				ENABLE_TESTABILITY = YES;
				ENABLE_USER_SCRIPT_SANDBOXING = YES;
				GCC_C_LANGUAGE_STANDARD = gnu17;
				GCC_DYNAMIC_NO_PIC = NO;
				GCC_NO_COMMON_BLOCKS = YES;
				GCC_OPTIMIZATION_LEVEL = 0;
				GCC_PREPROCESSOR_DEFINITIONS = (
					"DEBUG=1",
					"$(inherited)",
				);
				GCC_WARN_64_TO_32_BIT_CONVERSION = YES;
				GCC_WARN_ABOUT_RETURN_TYPE = YES_ERROR;
				GCC_WARN_UNDECLARED_SELECTOR = YES;
				GCC_WARN_UNINITIALIZED_AUTOS = YES_AGGRESSIVE;
				GCC_WARN_UNUSED_FUNCTION = YES;
				GCC_WARN_UNUSED_VARIABLE = YES;
				IPHONEOS_DEPLOYMENT_TARGET = 17.5;
				LOCALIZATION_PREFERS_STRING_CATALOGS = YES;
				MTL_ENABLE_DEBUG_INFO = INCLUDE_SOURCE;
				MTL_FAST_MATH = YES;
				ONLY_ACTIVE_ARCH = YES;
				SDKROOT = iphoneos;
				SWIFT_ACTIVE_COMPILATION_CONDITIONS = "DEBUG $(inherited)";
				SWIFT_OPTIMIZATION_LEVEL = "-Onone";
			};
			name = Debug;
		};
		84DB934B2C4FF5CA0055BBC6 /* Release */ = {
			isa = XCBuildConfiguration;
			buildSettings = {
				ALWAYS_SEARCH_USER_PATHS = NO;
				ASSETCATALOG_COMPILER_GENERATE_SWIFT_ASSET_SYMBOL_EXTENSIONS = YES;
				CLANG_ANALYZER_NONNULL = YES;
				CLANG_ANALYZER_NUMBER_OBJECT_CONVERSION = YES_AGGRESSIVE;
				CLANG_CXX_LANGUAGE_STANDARD = "gnu++20";
				CLANG_ENABLE_MODULES = YES;
				CLANG_ENABLE_OBJC_ARC = YES;
				CLANG_ENABLE_OBJC_WEAK = YES;
				CLANG_WARN_BLOCK_CAPTURE_AUTORELEASING = YES;
				CLANG_WARN_BOOL_CONVERSION = YES;
				CLANG_WARN_COMMA = YES;
				CLANG_WARN_CONSTANT_CONVERSION = YES;
				CLANG_WARN_DEPRECATED_OBJC_IMPLEMENTATIONS = YES;
				CLANG_WARN_DIRECT_OBJC_ISA_USAGE = YES_ERROR;
				CLANG_WARN_DOCUMENTATION_COMMENTS = YES;
				CLANG_WARN_EMPTY_BODY = YES;
				CLANG_WARN_ENUM_CONVERSION = YES;
				CLANG_WARN_INFINITE_RECURSION = YES;
				CLANG_WARN_INT_CONVERSION = YES;
				CLANG_WARN_NON_LITERAL_NULL_CONVERSION = YES;
				CLANG_WARN_OBJC_IMPLICIT_RETAIN_SELF = YES;
				CLANG_WARN_OBJC_LITERAL_CONVERSION = YES;
				CLANG_WARN_OBJC_ROOT_CLASS = YES_ERROR;
				CLANG_WARN_QUOTED_INCLUDE_IN_FRAMEWORK_HEADER = YES;
				CLANG_WARN_RANGE_LOOP_ANALYSIS = YES;
				CLANG_WARN_STRICT_PROTOTYPES = YES;
				CLANG_WARN_SUSPICIOUS_MOVE = YES;
				CLANG_WARN_UNGUARDED_AVAILABILITY = YES_AGGRESSIVE;
				CLANG_WARN_UNREACHABLE_CODE = YES;
				CLANG_WARN__DUPLICATE_METHOD_MATCH = YES;
				COPY_PHASE_STRIP = NO;
				DEBUG_INFORMATION_FORMAT = "dwarf-with-dsym";
				ENABLE_NS_ASSERTIONS = NO;
				ENABLE_STRICT_OBJC_MSGSEND = YES;
				ENABLE_USER_SCRIPT_SANDBOXING = YES;
				GCC_C_LANGUAGE_STANDARD = gnu17;
				GCC_NO_COMMON_BLOCKS = YES;
				GCC_WARN_64_TO_32_BIT_CONVERSION = YES;
				GCC_WARN_ABOUT_RETURN_TYPE = YES_ERROR;
				GCC_WARN_UNDECLARED_SELECTOR = YES;
				GCC_WARN_UNINITIALIZED_AUTOS = YES_AGGRESSIVE;
				GCC_WARN_UNUSED_FUNCTION = YES;
				GCC_WARN_UNUSED_VARIABLE = YES;
				IPHONEOS_DEPLOYMENT_TARGET = 17.5;
				LOCALIZATION_PREFERS_STRING_CATALOGS = YES;
				MTL_ENABLE_DEBUG_INFO = NO;
				MTL_FAST_MATH = YES;
				SDKROOT = iphoneos;
				SWIFT_COMPILATION_MODE = wholemodule;
				VALIDATE_PRODUCT = YES;
			};
			name = Release;
		};
		84DB934D2C4FF5CA0055BBC6 /* Debug */ = {
			isa = XCBuildConfiguration;
			buildSettings = {
				ASSETCATALOG_COMPILER_APPICON_NAME = AppIcon;
				ASSETCATALOG_COMPILER_GLOBAL_ACCENT_COLOR_NAME = AccentColor;
				CODE_SIGN_STYLE = Automatic;
				CURRENT_PROJECT_VERSION = 1;
				DEVELOPMENT_TEAM = GT7QW4CN6G;
				GENERATE_INFOPLIST_FILE = YES;
				INFOPLIST_FILE = tableView/Info.plist;
				INFOPLIST_KEY_UIApplicationSupportsIndirectInputEvents = YES;
				INFOPLIST_KEY_UILaunchStoryboardName = LaunchScreen;
				INFOPLIST_KEY_UIMainStoryboardFile = Main;
				INFOPLIST_KEY_UISupportedInterfaceOrientations_iPad = "UIInterfaceOrientationPortrait UIInterfaceOrientationPortraitUpsideDown UIInterfaceOrientationLandscapeLeft UIInterfaceOrientationLandscapeRight";
				INFOPLIST_KEY_UISupportedInterfaceOrientations_iPhone = "UIInterfaceOrientationPortrait UIInterfaceOrientationLandscapeLeft UIInterfaceOrientationLandscapeRight";
				LD_RUNPATH_SEARCH_PATHS = (
					"$(inherited)",
					"@executable_path/Frameworks",
				);
				MARKETING_VERSION = 1.0;
				PRODUCT_BUNDLE_IDENTIFIER = com.belajar.tableView;
				PRODUCT_NAME = "$(TARGET_NAME)";
				SWIFT_EMIT_LOC_STRINGS = YES;
				SWIFT_VERSION = 5.0;
				TARGETED_DEVICE_FAMILY = "1,2";
			};
			name = Debug;
		};
		84DB934E2C4FF5CA0055BBC6 /* Release */ = {
			isa = XCBuildConfiguration;
			buildSettings = {
				ASSETCATALOG_COMPILER_APPICON_NAME = AppIcon;
				ASSETCATALOG_COMPILER_GLOBAL_ACCENT_COLOR_NAME = AccentColor;
				CODE_SIGN_STYLE = Automatic;
				CURRENT_PROJECT_VERSION = 1;
				DEVELOPMENT_TEAM = GT7QW4CN6G;
				GENERATE_INFOPLIST_FILE = YES;
				INFOPLIST_FILE = tableView/Info.plist;
				INFOPLIST_KEY_UIApplicationSupportsIndirectInputEvents = YES;
				INFOPLIST_KEY_UILaunchStoryboardName = LaunchScreen;
				INFOPLIST_KEY_UIMainStoryboardFile = Main;
				INFOPLIST_KEY_UISupportedInterfaceOrientations_iPad = "UIInterfaceOrientationPortrait UIInterfaceOrientationPortraitUpsideDown UIInterfaceOrientationLandscapeLeft UIInterfaceOrientationLandscapeRight";
				INFOPLIST_KEY_UISupportedInterfaceOrientations_iPhone = "UIInterfaceOrientationPortrait UIInterfaceOrientationLandscapeLeft UIInterfaceOrientationLandscapeRight";
				LD_RUNPATH_SEARCH_PATHS = (
					"$(inherited)",
					"@executable_path/Frameworks",
				);
				MARKETING_VERSION = 1.0;
				PRODUCT_BUNDLE_IDENTIFIER = com.belajar.tableView;
				PRODUCT_NAME = "$(TARGET_NAME)";
				SWIFT_EMIT_LOC_STRINGS = YES;
				SWIFT_VERSION = 5.0;
				TARGETED_DEVICE_FAMILY = "1,2";
			};
			name = Release;
		};
		84DB93502C4FF5CA0055BBC6 /* Debug */ = {
			isa = XCBuildConfiguration;
			buildSettings = {
				ALWAYS_EMBED_SWIFT_STANDARD_LIBRARIES = YES;
				BUNDLE_LOADER = "$(TEST_HOST)";
				CODE_SIGN_STYLE = Automatic;
				CURRENT_PROJECT_VERSION = 1;
				DEVELOPMENT_TEAM = GT7QW4CN6G;
				GENERATE_INFOPLIST_FILE = YES;
				IPHONEOS_DEPLOYMENT_TARGET = 17.5;
				MARKETING_VERSION = 1.0;
				PRODUCT_BUNDLE_IDENTIFIER = com.belajar.tableViewTests;
				PRODUCT_NAME = "$(TARGET_NAME)";
				SWIFT_EMIT_LOC_STRINGS = NO;
				SWIFT_VERSION = 5.0;
				TARGETED_DEVICE_FAMILY = "1,2";
				TEST_HOST = "$(BUILT_PRODUCTS_DIR)/tableView.app/$(BUNDLE_EXECUTABLE_FOLDER_PATH)/tableView";
			};
			name = Debug;
		};
		84DB93512C4FF5CA0055BBC6 /* Release */ = {
			isa = XCBuildConfiguration;
			buildSettings = {
				ALWAYS_EMBED_SWIFT_STANDARD_LIBRARIES = YES;
				BUNDLE_LOADER = "$(TEST_HOST)";
				CODE_SIGN_STYLE = Automatic;
				CURRENT_PROJECT_VERSION = 1;
				DEVELOPMENT_TEAM = GT7QW4CN6G;
				GENERATE_INFOPLIST_FILE = YES;
				IPHONEOS_DEPLOYMENT_TARGET = 17.5;
				MARKETING_VERSION = 1.0;
				PRODUCT_BUNDLE_IDENTIFIER = com.belajar.tableViewTests;
				PRODUCT_NAME = "$(TARGET_NAME)";
				SWIFT_EMIT_LOC_STRINGS = NO;
				SWIFT_VERSION = 5.0;
				TARGETED_DEVICE_FAMILY = "1,2";
				TEST_HOST = "$(BUILT_PRODUCTS_DIR)/tableView.app/$(BUNDLE_EXECUTABLE_FOLDER_PATH)/tableView";
			};
			name = Release;
		};
		84DB93532C4FF5CA0055BBC6 /* Debug */ = {
			isa = XCBuildConfiguration;
			buildSettings = {
				ALWAYS_EMBED_SWIFT_STANDARD_LIBRARIES = YES;
				CODE_SIGN_STYLE = Automatic;
				CURRENT_PROJECT_VERSION = 1;
				DEVELOPMENT_TEAM = GT7QW4CN6G;
				GENERATE_INFOPLIST_FILE = YES;
				MARKETING_VERSION = 1.0;
				PRODUCT_BUNDLE_IDENTIFIER = com.belajar.tableViewUITests;
				PRODUCT_NAME = "$(TARGET_NAME)";
				SWIFT_EMIT_LOC_STRINGS = NO;
				SWIFT_VERSION = 5.0;
				TARGETED_DEVICE_FAMILY = "1,2";
				TEST_TARGET_NAME = tableView;
			};
			name = Debug;
		};
		84DB93542C4FF5CA0055BBC6 /* Release */ = {
			isa = XCBuildConfiguration;
			buildSettings = {
				ALWAYS_EMBED_SWIFT_STANDARD_LIBRARIES = YES;
				CODE_SIGN_STYLE = Automatic;
				CURRENT_PROJECT_VERSION = 1;
				DEVELOPMENT_TEAM = GT7QW4CN6G;
				GENERATE_INFOPLIST_FILE = YES;
				MARKETING_VERSION = 1.0;
				PRODUCT_BUNDLE_IDENTIFIER = com.belajar.tableViewUITests;
				PRODUCT_NAME = "$(TARGET_NAME)";
				SWIFT_EMIT_LOC_STRINGS = NO;
				SWIFT_VERSION = 5.0;
				TARGETED_DEVICE_FAMILY = "1,2";
				TEST_TARGET_NAME = tableView;
			};
			name = Release;
		};
/* End XCBuildConfiguration section */

/* Begin XCConfigurationList section */
		84DB931D2C4FF5C80055BBC6 /* Build configuration list for PBXProject "tableView" */ = {
			isa = XCConfigurationList;
			buildConfigurations = (
				84DB934A2C4FF5CA0055BBC6 /* Debug */,
				84DB934B2C4FF5CA0055BBC6 /* Release */,
			);
			defaultConfigurationIsVisible = 0;
			defaultConfigurationName = Release;
		};
		84DB934C2C4FF5CA0055BBC6 /* Build configuration list for PBXNativeTarget "tableView" */ = {
			isa = XCConfigurationList;
			buildConfigurations = (
				84DB934D2C4FF5CA0055BBC6 /* Debug */,
				84DB934E2C4FF5CA0055BBC6 /* Release */,
			);
			defaultConfigurationIsVisible = 0;
			defaultConfigurationName = Release;
		};
		84DB934F2C4FF5CA0055BBC6 /* Build configuration list for PBXNativeTarget "tableViewTests" */ = {
			isa = XCConfigurationList;
			buildConfigurations = (
				84DB93502C4FF5CA0055BBC6 /* Debug */,
				84DB93512C4FF5CA0055BBC6 /* Release */,
			);
			defaultConfigurationIsVisible = 0;
			defaultConfigurationName = Release;
		};
		84DB93522C4FF5CA0055BBC6 /* Build configuration list for PBXNativeTarget "tableViewUITests" */ = {
			isa = XCConfigurationList;
			buildConfigurations = (
				84DB93532C4FF5CA0055BBC6 /* Debug */,
				84DB93542C4FF5CA0055BBC6 /* Release */,
			);
			defaultConfigurationIsVisible = 0;
			defaultConfigurationName = Release;
		};
/* End XCConfigurationList section */
	};
	rootObject = 84DB931A2C4FF5C80055BBC6 /* Project object */;
}
